// !$*UTF8*$!
{
	archiveVersion = 1;
	classes = {
	};
	objectVersion = 46;
	objects = {

/* Begin PBXBuildFile section */
		085A16A81C1B27930035488A /* main.m in Sources */ = {isa = PBXBuildFile; fileRef = 085A16A71C1B27930035488A /* main.m */; };
		085A16AB1C1B27930035488A /* AppDelegate.m in Sources */ = {isa = PBXBuildFile; fileRef = 085A16AA1C1B27930035488A /* AppDelegate.m */; };
		085A16B31C1B27930035488A /* Assets.xcassets in Resources */ = {isa = PBXBuildFile; fileRef = 085A16B21C1B27930035488A /* Assets.xcassets */; };
		085A16B61C1B27930035488A /* LaunchScreen.storyboard in Resources */ = {isa = PBXBuildFile; fileRef = 085A16B41C1B27930035488A /* LaunchScreen.storyboard */; };
		085A16C11C1B27930035488A /* WaitressTests.m in Sources */ = {isa = PBXBuildFile; fileRef = 085A16C01C1B27930035488A /* WaitressTests.m */; };
		085A16CC1C1B27930035488A /* WaitressUITests.m in Sources */ = {isa = PBXBuildFile; fileRef = 085A16CB1C1B27930035488A /* WaitressUITests.m */; };
		085A16DD1C1B28890035488A /* HomeViewController.m in Sources */ = {isa = PBXBuildFile; fileRef = 085A16DB1C1B28890035488A /* HomeViewController.m */; };
		085A16DE1C1B28890035488A /* HomeViewController.xib in Resources */ = {isa = PBXBuildFile; fileRef = 085A16DC1C1B28890035488A /* HomeViewController.xib */; };
		5700F5041C1D944F004E909B /* Bolts.framework in Frameworks */ = {isa = PBXBuildFile; fileRef = 5700F4FE1C1D944F004E909B /* Bolts.framework */; };
		5700F5051C1D944F004E909B /* Parse.framework in Frameworks */ = {isa = PBXBuildFile; fileRef = 5700F4FF1C1D944F004E909B /* Parse.framework */; };
		5700F5061C1D944F004E909B /* ParseFacebookUtils.framework in Frameworks */ = {isa = PBXBuildFile; fileRef = 5700F5001C1D944F004E909B /* ParseFacebookUtils.framework */; };
		5700F5071C1D944F004E909B /* ParseFacebookUtilsV4.framework in Frameworks */ = {isa = PBXBuildFile; fileRef = 5700F5011C1D944F004E909B /* ParseFacebookUtilsV4.framework */; };
		5700F5081C1D944F004E909B /* ParseTwitterUtils.framework in Frameworks */ = {isa = PBXBuildFile; fileRef = 5700F5021C1D944F004E909B /* ParseTwitterUtils.framework */; };
		5700F5091C1D944F004E909B /* ParseUI.framework in Frameworks */ = {isa = PBXBuildFile; fileRef = 5700F5031C1D944F004E909B /* ParseUI.framework */; };
		5700F50B1C1DA94F004E909B /* CFNetwork.framework in Frameworks */ = {isa = PBXBuildFile; fileRef = 5700F50A1C1DA94F004E909B /* CFNetwork.framework */; };
		5700F50D1C1DA965004E909B /* Social.framework in Frameworks */ = {isa = PBXBuildFile; fileRef = 5700F50C1C1DA965004E909B /* Social.framework */; };
		5700F50F1C1DA96D004E909B /* MobileCoreServices.framework in Frameworks */ = {isa = PBXBuildFile; fileRef = 5700F50E1C1DA96D004E909B /* MobileCoreServices.framework */; };
		5700F5111C1DA97A004E909B /* libsqlite3.0.tbd in Frameworks */ = {isa = PBXBuildFile; fileRef = 5700F5101C1DA97A004E909B /* libsqlite3.0.tbd */; };
		5700F5131C1DAA1F004E909B /* CoreGraphics.framework in Frameworks */ = {isa = PBXBuildFile; fileRef = 5700F5121C1DAA1F004E909B /* CoreGraphics.framework */; };
		5700F5151C1DAA42004E909B /* SystemConfiguration.framework in Frameworks */ = {isa = PBXBuildFile; fileRef = 5700F5141C1DAA42004E909B /* SystemConfiguration.framework */; };
		5700F5171C1DAA80004E909B /* AudioToolbox.framework in Frameworks */ = {isa = PBXBuildFile; fileRef = 5700F5161C1DAA80004E909B /* AudioToolbox.framework */; };
		5700F51C1C1DADCE004E909B /* Query.m in Sources */ = {isa = PBXBuildFile; fileRef = 5700F51B1C1DADCE004E909B /* Query.m */; };
		5700F59C1C1DB053004E909B /* AFHTTPRequestOperation.m in Sources */ = {isa = PBXBuildFile; fileRef = 5700F51F1C1DB053004E909B /* AFHTTPRequestOperation.m */; };
		5700F59D1C1DB053004E909B /* AFHTTPRequestOperationManager.m in Sources */ = {isa = PBXBuildFile; fileRef = 5700F5211C1DB053004E909B /* AFHTTPRequestOperationManager.m */; };
		5700F59E1C1DB053004E909B /* AFHTTPSessionManager.m in Sources */ = {isa = PBXBuildFile; fileRef = 5700F5231C1DB053004E909B /* AFHTTPSessionManager.m */; };
		5700F59F1C1DB053004E909B /* AFNetworkReachabilityManager.m in Sources */ = {isa = PBXBuildFile; fileRef = 5700F5261C1DB053004E909B /* AFNetworkReachabilityManager.m */; };
		5700F5A01C1DB053004E909B /* AFSecurityPolicy.m in Sources */ = {isa = PBXBuildFile; fileRef = 5700F5281C1DB053004E909B /* AFSecurityPolicy.m */; };
		5700F5A11C1DB053004E909B /* AFURLConnectionOperation.m in Sources */ = {isa = PBXBuildFile; fileRef = 5700F52A1C1DB053004E909B /* AFURLConnectionOperation.m */; };
		5700F5A21C1DB053004E909B /* AFURLRequestSerialization.m in Sources */ = {isa = PBXBuildFile; fileRef = 5700F52C1C1DB053004E909B /* AFURLRequestSerialization.m */; };
		5700F5A31C1DB053004E909B /* AFURLResponseSerialization.m in Sources */ = {isa = PBXBuildFile; fileRef = 5700F52E1C1DB053004E909B /* AFURLResponseSerialization.m */; };
		5700F5A41C1DB053004E909B /* AFURLSessionManager.m in Sources */ = {isa = PBXBuildFile; fileRef = 5700F5301C1DB053004E909B /* AFURLSessionManager.m */; };
		5700F5A51C1DB053004E909B /* EGOCache.m in Sources */ = {isa = PBXBuildFile; fileRef = 5700F5331C1DB053004E909B /* EGOCache.m */; };
		5700F5A61C1DB053004E909B /* LICENSE in Resources */ = {isa = PBXBuildFile; fileRef = 5700F5341C1DB053004E909B /* LICENSE */; };
		5700F5A71C1DB053004E909B /* README.mdown in Sources */ = {isa = PBXBuildFile; fileRef = 5700F5351C1DB053004E909B /* README.mdown */; };
		5700F5A81C1DB053004E909B /* ScrollViewFrameAccessor.m in Sources */ = {isa = PBXBuildFile; fileRef = 5700F5391C1DB053004E909B /* ScrollViewFrameAccessor.m */; };
		5700F5A91C1DB053004E909B /* ViewFrameAccessor.m in Sources */ = {isa = PBXBuildFile; fileRef = 5700F53B1C1DB053004E909B /* ViewFrameAccessor.m */; };
		5700F5AA1C1DB053004E909B /* FSBasicImage.m in Sources */ = {isa = PBXBuildFile; fileRef = 5700F53F1C1DB053004E909B /* FSBasicImage.m */; };
		5700F5AB1C1DB053004E909B /* FSBasicImageSource.m in Sources */ = {isa = PBXBuildFile; fileRef = 5700F5411C1DB053004E909B /* FSBasicImageSource.m */; };
		5700F5AC1C1DB053004E909B /* FSImageLoader.m in Sources */ = {isa = PBXBuildFile; fileRef = 5700F5441C1DB053004E909B /* FSImageLoader.m */; };
		5700F5AD1C1DB053004E909B /* FSImageScrollView.m in Sources */ = {isa = PBXBuildFile; fileRef = 5700F5461C1DB053004E909B /* FSImageScrollView.m */; };
		5700F5AE1C1DB053004E909B /* FSImageTitleView.m in Sources */ = {isa = PBXBuildFile; fileRef = 5700F5491C1DB053004E909B /* FSImageTitleView.m */; };
		5700F5AF1C1DB053004E909B /* FSImageView.m in Sources */ = {isa = PBXBuildFile; fileRef = 5700F54B1C1DB053004E909B /* FSImageView.m */; };
		5700F5B01C1DB053004E909B /* FSImageViewerViewController.m in Sources */ = {isa = PBXBuildFile; fileRef = 5700F54E1C1DB053004E909B /* FSImageViewerViewController.m */; };
		5700F5B11C1DB053004E909B /* FSPlaceholderImages.m in Sources */ = {isa = PBXBuildFile; fileRef = 5700F5501C1DB053004E909B /* FSPlaceholderImages.m */; };
		5700F5B21C1DB053004E909B /* FSImageViewer.bundle in Resources */ = {isa = PBXBuildFile; fileRef = 5700F5521C1DB053004E909B /* FSImageViewer.bundle */; };
		5700F5B31C1DB053004E909B /* LICENSE in Resources */ = {isa = PBXBuildFile; fileRef = 5700F5531C1DB053004E909B /* LICENSE */; };
		5700F5B41C1DB053004E909B /* README.md in Sources */ = {isa = PBXBuildFile; fileRef = 5700F5541C1DB053004E909B /* README.md */; };
		5700F5B51C1DB053004E909B /* locateButton.png in Resources */ = {isa = PBXBuildFile; fileRef = 5700F5561C1DB053004E909B /* locateButton.png */; };
		5700F5B61C1DB053004E909B /* locateButton@2x.png in Resources */ = {isa = PBXBuildFile; fileRef = 5700F5571C1DB053004E909B /* locateButton@2x.png */; };
		5700F5B71C1DB053004E909B /* location.png in Resources */ = {isa = PBXBuildFile; fileRef = 5700F5581C1DB053004E909B /* location.png */; };
		5700F5B81C1DB053004E909B /* location@2x.png in Resources */ = {isa = PBXBuildFile; fileRef = 5700F5591C1DB053004E909B /* location@2x.png */; };
		5700F5B91C1DB053004E909B /* SPGooglePlacesAutocompletePlace.m in Sources */ = {isa = PBXBuildFile; fileRef = 5700F55B1C1DB053004E909B /* SPGooglePlacesAutocompletePlace.m */; };
		5700F5BA1C1DB053004E909B /* SPGooglePlacesAutocompleteQuery.m in Sources */ = {isa = PBXBuildFile; fileRef = 5700F55D1C1DB053004E909B /* SPGooglePlacesAutocompleteQuery.m */; };
		5700F5BB1C1DB053004E909B /* SPGooglePlacesAutocompleteUtilities.m in Sources */ = {isa = PBXBuildFile; fileRef = 5700F55F1C1DB053004E909B /* SPGooglePlacesAutocompleteUtilities.m */; };
		5700F5BC1C1DB053004E909B /* SPGooglePlacesAutocompleteViewController.m in Sources */ = {isa = PBXBuildFile; fileRef = 5700F5611C1DB053004E909B /* SPGooglePlacesAutocompleteViewController.m */; };
		5700F5BD1C1DB053004E909B /* SPGooglePlacesAutocompleteViewController.xib in Resources */ = {isa = PBXBuildFile; fileRef = 5700F5621C1DB053004E909B /* SPGooglePlacesAutocompleteViewController.xib */; };
		5700F5BE1C1DB053004E909B /* SPGooglePlacesPlaceDetailQuery.m in Sources */ = {isa = PBXBuildFile; fileRef = 5700F5641C1DB053004E909B /* SPGooglePlacesPlaceDetailQuery.m */; };
		5700F5BF1C1DB053004E909B /* UIScrollView+SVInfiniteScrolling.m in Sources */ = {isa = PBXBuildFile; fileRef = 5700F5681C1DB053004E909B /* UIScrollView+SVInfiniteScrolling.m */; };
		5700F5C01C1DB053004E909B /* UIScrollView+SVPullToRefresh.m in Sources */ = {isa = PBXBuildFile; fileRef = 5700F56A1C1DB053004E909B /* UIScrollView+SVPullToRefresh.m */; };
		5700F5C11C1DB053004E909B /* MKAnnotationView+WebCache.m in Sources */ = {isa = PBXBuildFile; fileRef = 5700F56D1C1DB053004E909B /* MKAnnotationView+WebCache.m */; };
		5700F5C21C1DB053004E909B /* NSData+ImageContentType.m in Sources */ = {isa = PBXBuildFile; fileRef = 5700F56F1C1DB053004E909B /* NSData+ImageContentType.m */; };
		5700F5C31C1DB053004E909B /* SDImageCache.m in Sources */ = {isa = PBXBuildFile; fileRef = 5700F5711C1DB053004E909B /* SDImageCache.m */; };
		5700F5C41C1DB053004E909B /* SDWebImageCompat.m in Sources */ = {isa = PBXBuildFile; fileRef = 5700F5731C1DB053004E909B /* SDWebImageCompat.m */; };
		5700F5C51C1DB053004E909B /* SDWebImageDecoder.m in Sources */ = {isa = PBXBuildFile; fileRef = 5700F5751C1DB053004E909B /* SDWebImageDecoder.m */; };
		5700F5C61C1DB053004E909B /* SDWebImageDownloader.m in Sources */ = {isa = PBXBuildFile; fileRef = 5700F5771C1DB053004E909B /* SDWebImageDownloader.m */; };
		5700F5C71C1DB053004E909B /* SDWebImageDownloaderOperation.m in Sources */ = {isa = PBXBuildFile; fileRef = 5700F5791C1DB053004E909B /* SDWebImageDownloaderOperation.m */; };
		5700F5C81C1DB053004E909B /* SDWebImageManager.m in Sources */ = {isa = PBXBuildFile; fileRef = 5700F57B1C1DB053004E909B /* SDWebImageManager.m */; };
		5700F5C91C1DB053004E909B /* SDWebImagePrefetcher.m in Sources */ = {isa = PBXBuildFile; fileRef = 5700F57E1C1DB053004E909B /* SDWebImagePrefetcher.m */; };
		5700F5CA1C1DB053004E909B /* UIButton+WebCache.m in Sources */ = {isa = PBXBuildFile; fileRef = 5700F5801C1DB053004E909B /* UIButton+WebCache.m */; };
		5700F5CB1C1DB053004E909B /* UIImage+GIF.m in Sources */ = {isa = PBXBuildFile; fileRef = 5700F5821C1DB053004E909B /* UIImage+GIF.m */; };
		5700F5CC1C1DB053004E909B /* UIImage+MultiFormat.m in Sources */ = {isa = PBXBuildFile; fileRef = 5700F5841C1DB053004E909B /* UIImage+MultiFormat.m */; };
		5700F5CD1C1DB053004E909B /* UIImage+WebP.m in Sources */ = {isa = PBXBuildFile; fileRef = 5700F5861C1DB053004E909B /* UIImage+WebP.m */; };
		5700F5CE1C1DB053004E909B /* UIImageView+HighlightedWebCache.m in Sources */ = {isa = PBXBuildFile; fileRef = 5700F5881C1DB053004E909B /* UIImageView+HighlightedWebCache.m */; };
		5700F5CF1C1DB053004E909B /* UIImageView+WebCache.m in Sources */ = {isa = PBXBuildFile; fileRef = 5700F58A1C1DB053004E909B /* UIImageView+WebCache.m */; };
		5700F5D01C1DB053004E909B /* UIView+WebCacheOperation.m in Sources */ = {isa = PBXBuildFile; fileRef = 5700F58C1C1DB053004E909B /* UIView+WebCacheOperation.m */; };
		5700F5D11C1DB053004E909B /* LICENSE in Resources */ = {isa = PBXBuildFile; fileRef = 5700F5981C1DB053004E909B /* LICENSE */; };
		5700F5D21C1DB053004E909B /* README.md in Sources */ = {isa = PBXBuildFile; fileRef = 5700F5991C1DB053004E909B /* README.md */; };
		5700F5D31C1DB053004E909B /* UAProgressView.m in Sources */ = {isa = PBXBuildFile; fileRef = 5700F59B1C1DB053004E909B /* UAProgressView.m */; };
		5700F5D81C1DB115004E909B /* Reachability.m in Sources */ = {isa = PBXBuildFile; fileRef = 5700F5D71C1DB115004E909B /* Reachability.m */; };
		57F72D601C1DBE5300907A4A /* ProgressView.m in Sources */ = {isa = PBXBuildFile; fileRef = 57F72D5F1C1DBE5300907A4A /* ProgressView.m */; };
		57F72D671C1DBE8500907A4A /* SVIndefiniteAnimatedView.m in Sources */ = {isa = PBXBuildFile; fileRef = 57F72D631C1DBE8500907A4A /* SVIndefiniteAnimatedView.m */; };
		57F72D681C1DBE8500907A4A /* SVProgressHUD.bundle in Resources */ = {isa = PBXBuildFile; fileRef = 57F72D641C1DBE8500907A4A /* SVProgressHUD.bundle */; };
		57F72D691C1DBE8500907A4A /* SVProgressHUD.m in Sources */ = {isa = PBXBuildFile; fileRef = 57F72D661C1DBE8500907A4A /* SVProgressHUD.m */; };
/* End PBXBuildFile section */

/* Begin PBXContainerItemProxy section */
		085A16BD1C1B27930035488A /* PBXContainerItemProxy */ = {
			isa = PBXContainerItemProxy;
			containerPortal = 085A169B1C1B27930035488A /* Project object */;
			proxyType = 1;
			remoteGlobalIDString = 085A16A21C1B27930035488A;
			remoteInfo = Waitress;
		};
		085A16C81C1B27930035488A /* PBXContainerItemProxy */ = {
			isa = PBXContainerItemProxy;
			containerPortal = 085A169B1C1B27930035488A /* Project object */;
			proxyType = 1;
			remoteGlobalIDString = 085A16A21C1B27930035488A;
			remoteInfo = Waitress;
		};
/* End PBXContainerItemProxy section */

/* Begin PBXFileReference section */
		085A16A31C1B27930035488A /* Waitress.app */ = {isa = PBXFileReference; explicitFileType = wrapper.application; includeInIndex = 0; path = Waitress.app; sourceTree = BUILT_PRODUCTS_DIR; };
		085A16A71C1B27930035488A /* main.m */ = {isa = PBXFileReference; lastKnownFileType = sourcecode.c.objc; path = main.m; sourceTree = "<group>"; };
		085A16A91C1B27930035488A /* AppDelegate.h */ = {isa = PBXFileReference; lastKnownFileType = sourcecode.c.h; path = AppDelegate.h; sourceTree = "<group>"; };
		085A16AA1C1B27930035488A /* AppDelegate.m */ = {isa = PBXFileReference; lastKnownFileType = sourcecode.c.objc; path = AppDelegate.m; sourceTree = "<group>"; };
		085A16B21C1B27930035488A /* Assets.xcassets */ = {isa = PBXFileReference; lastKnownFileType = folder.assetcatalog; path = Assets.xcassets; sourceTree = "<group>"; };
		085A16B51C1B27930035488A /* Base */ = {isa = PBXFileReference; lastKnownFileType = file.storyboard; name = Base; path = Base.lproj/LaunchScreen.storyboard; sourceTree = "<group>"; };
		085A16B71C1B27930035488A /* Info.plist */ = {isa = PBXFileReference; lastKnownFileType = text.plist.xml; path = Info.plist; sourceTree = "<group>"; };
		085A16BC1C1B27930035488A /* WaitressTests.xctest */ = {isa = PBXFileReference; explicitFileType = wrapper.cfbundle; includeInIndex = 0; path = WaitressTests.xctest; sourceTree = BUILT_PRODUCTS_DIR; };
		085A16C01C1B27930035488A /* WaitressTests.m */ = {isa = PBXFileReference; lastKnownFileType = sourcecode.c.objc; path = WaitressTests.m; sourceTree = "<group>"; };
		085A16C21C1B27930035488A /* Info.plist */ = {isa = PBXFileReference; lastKnownFileType = text.plist.xml; path = Info.plist; sourceTree = "<group>"; };
		085A16C71C1B27930035488A /* WaitressUITests.xctest */ = {isa = PBXFileReference; explicitFileType = wrapper.cfbundle; includeInIndex = 0; path = WaitressUITests.xctest; sourceTree = BUILT_PRODUCTS_DIR; };
		085A16CB1C1B27930035488A /* WaitressUITests.m */ = {isa = PBXFileReference; lastKnownFileType = sourcecode.c.objc; path = WaitressUITests.m; sourceTree = "<group>"; };
		085A16CD1C1B27930035488A /* Info.plist */ = {isa = PBXFileReference; lastKnownFileType = text.plist.xml; path = Info.plist; sourceTree = "<group>"; };
		085A16DA1C1B28890035488A /* HomeViewController.h */ = {isa = PBXFileReference; fileEncoding = 4; lastKnownFileType = sourcecode.c.h; name = HomeViewController.h; path = Waitress/ViewControllers/HomeViewController.h; sourceTree = SOURCE_ROOT; };
		085A16DB1C1B28890035488A /* HomeViewController.m */ = {isa = PBXFileReference; fileEncoding = 4; lastKnownFileType = sourcecode.c.objc; name = HomeViewController.m; path = Waitress/ViewControllers/HomeViewController.m; sourceTree = SOURCE_ROOT; };
		085A16DC1C1B28890035488A /* HomeViewController.xib */ = {isa = PBXFileReference; fileEncoding = 4; lastKnownFileType = file.xib; name = HomeViewController.xib; path = Waitress/ViewControllers/HomeViewController.xib; sourceTree = SOURCE_ROOT; };
		5700F4FE1C1D944F004E909B /* Bolts.framework */ = {isa = PBXFileReference; lastKnownFileType = wrapper.framework; path = Bolts.framework; sourceTree = "<group>"; };
		5700F4FF1C1D944F004E909B /* Parse.framework */ = {isa = PBXFileReference; lastKnownFileType = wrapper.framework; path = Parse.framework; sourceTree = "<group>"; };
		5700F5001C1D944F004E909B /* ParseFacebookUtils.framework */ = {isa = PBXFileReference; lastKnownFileType = wrapper.framework; path = ParseFacebookUtils.framework; sourceTree = "<group>"; };
		5700F5011C1D944F004E909B /* ParseFacebookUtilsV4.framework */ = {isa = PBXFileReference; lastKnownFileType = wrapper.framework; path = ParseFacebookUtilsV4.framework; sourceTree = "<group>"; };
		5700F5021C1D944F004E909B /* ParseTwitterUtils.framework */ = {isa = PBXFileReference; lastKnownFileType = wrapper.framework; path = ParseTwitterUtils.framework; sourceTree = "<group>"; };
		5700F5031C1D944F004E909B /* ParseUI.framework */ = {isa = PBXFileReference; lastKnownFileType = wrapper.framework; path = ParseUI.framework; sourceTree = "<group>"; };
		5700F50A1C1DA94F004E909B /* CFNetwork.framework */ = {isa = PBXFileReference; lastKnownFileType = wrapper.framework; name = CFNetwork.framework; path = System/Library/Frameworks/CFNetwork.framework; sourceTree = SDKROOT; };
		5700F50C1C1DA965004E909B /* Social.framework */ = {isa = PBXFileReference; lastKnownFileType = wrapper.framework; name = Social.framework; path = System/Library/Frameworks/Social.framework; sourceTree = SDKROOT; };
		5700F50E1C1DA96D004E909B /* MobileCoreServices.framework */ = {isa = PBXFileReference; lastKnownFileType = wrapper.framework; name = MobileCoreServices.framework; path = System/Library/Frameworks/MobileCoreServices.framework; sourceTree = SDKROOT; };
		5700F5101C1DA97A004E909B /* libsqlite3.0.tbd */ = {isa = PBXFileReference; lastKnownFileType = "sourcecode.text-based-dylib-definition"; name = libsqlite3.0.tbd; path = usr/lib/libsqlite3.0.tbd; sourceTree = SDKROOT; };
		5700F5121C1DAA1F004E909B /* CoreGraphics.framework */ = {isa = PBXFileReference; lastKnownFileType = wrapper.framework; name = CoreGraphics.framework; path = System/Library/Frameworks/CoreGraphics.framework; sourceTree = SDKROOT; };
		5700F5141C1DAA42004E909B /* SystemConfiguration.framework */ = {isa = PBXFileReference; lastKnownFileType = wrapper.framework; name = SystemConfiguration.framework; path = System/Library/Frameworks/SystemConfiguration.framework; sourceTree = SDKROOT; };
		5700F5161C1DAA80004E909B /* AudioToolbox.framework */ = {isa = PBXFileReference; lastKnownFileType = wrapper.framework; name = AudioToolbox.framework; path = System/Library/Frameworks/AudioToolbox.framework; sourceTree = SDKROOT; };
		5700F51A1C1DADCE004E909B /* Query.h */ = {isa = PBXFileReference; fileEncoding = 4; lastKnownFileType = sourcecode.c.h; path = Query.h; sourceTree = "<group>"; };
		5700F51B1C1DADCE004E909B /* Query.m */ = {isa = PBXFileReference; fileEncoding = 4; lastKnownFileType = sourcecode.c.objc; path = Query.m; sourceTree = "<group>"; };
		5700F51E1C1DB053004E909B /* AFHTTPRequestOperation.h */ = {isa = PBXFileReference; fileEncoding = 4; lastKnownFileType = sourcecode.c.h; path = AFHTTPRequestOperation.h; sourceTree = "<group>"; };
		5700F51F1C1DB053004E909B /* AFHTTPRequestOperation.m */ = {isa = PBXFileReference; fileEncoding = 4; lastKnownFileType = sourcecode.c.objc; path = AFHTTPRequestOperation.m; sourceTree = "<group>"; };
		5700F5201C1DB053004E909B /* AFHTTPRequestOperationManager.h */ = {isa = PBXFileReference; fileEncoding = 4; lastKnownFileType = sourcecode.c.h; path = AFHTTPRequestOperationManager.h; sourceTree = "<group>"; };
		5700F5211C1DB053004E909B /* AFHTTPRequestOperationManager.m */ = {isa = PBXFileReference; fileEncoding = 4; lastKnownFileType = sourcecode.c.objc; path = AFHTTPRequestOperationManager.m; sourceTree = "<group>"; };
		5700F5221C1DB053004E909B /* AFHTTPSessionManager.h */ = {isa = PBXFileReference; fileEncoding = 4; lastKnownFileType = sourcecode.c.h; path = AFHTTPSessionManager.h; sourceTree = "<group>"; };
		5700F5231C1DB053004E909B /* AFHTTPSessionManager.m */ = {isa = PBXFileReference; fileEncoding = 4; lastKnownFileType = sourcecode.c.objc; path = AFHTTPSessionManager.m; sourceTree = "<group>"; };
		5700F5241C1DB053004E909B /* AFNetworking.h */ = {isa = PBXFileReference; fileEncoding = 4; lastKnownFileType = sourcecode.c.h; path = AFNetworking.h; sourceTree = "<group>"; };
		5700F5251C1DB053004E909B /* AFNetworkReachabilityManager.h */ = {isa = PBXFileReference; fileEncoding = 4; lastKnownFileType = sourcecode.c.h; path = AFNetworkReachabilityManager.h; sourceTree = "<group>"; };
		5700F5261C1DB053004E909B /* AFNetworkReachabilityManager.m */ = {isa = PBXFileReference; fileEncoding = 4; lastKnownFileType = sourcecode.c.objc; path = AFNetworkReachabilityManager.m; sourceTree = "<group>"; };
		5700F5271C1DB053004E909B /* AFSecurityPolicy.h */ = {isa = PBXFileReference; fileEncoding = 4; lastKnownFileType = sourcecode.c.h; path = AFSecurityPolicy.h; sourceTree = "<group>"; };
		5700F5281C1DB053004E909B /* AFSecurityPolicy.m */ = {isa = PBXFileReference; fileEncoding = 4; lastKnownFileType = sourcecode.c.objc; path = AFSecurityPolicy.m; sourceTree = "<group>"; };
		5700F5291C1DB053004E909B /* AFURLConnectionOperation.h */ = {isa = PBXFileReference; fileEncoding = 4; lastKnownFileType = sourcecode.c.h; path = AFURLConnectionOperation.h; sourceTree = "<group>"; };
		5700F52A1C1DB053004E909B /* AFURLConnectionOperation.m */ = {isa = PBXFileReference; fileEncoding = 4; lastKnownFileType = sourcecode.c.objc; path = AFURLConnectionOperation.m; sourceTree = "<group>"; };
		5700F52B1C1DB053004E909B /* AFURLRequestSerialization.h */ = {isa = PBXFileReference; fileEncoding = 4; lastKnownFileType = sourcecode.c.h; path = AFURLRequestSerialization.h; sourceTree = "<group>"; };
		5700F52C1C1DB053004E909B /* AFURLRequestSerialization.m */ = {isa = PBXFileReference; fileEncoding = 4; lastKnownFileType = sourcecode.c.objc; path = AFURLRequestSerialization.m; sourceTree = "<group>"; };
		5700F52D1C1DB053004E909B /* AFURLResponseSerialization.h */ = {isa = PBXFileReference; fileEncoding = 4; lastKnownFileType = sourcecode.c.h; path = AFURLResponseSerialization.h; sourceTree = "<group>"; };
		5700F52E1C1DB053004E909B /* AFURLResponseSerialization.m */ = {isa = PBXFileReference; fileEncoding = 4; lastKnownFileType = sourcecode.c.objc; path = AFURLResponseSerialization.m; sourceTree = "<group>"; };
		5700F52F1C1DB053004E909B /* AFURLSessionManager.h */ = {isa = PBXFileReference; fileEncoding = 4; lastKnownFileType = sourcecode.c.h; path = AFURLSessionManager.h; sourceTree = "<group>"; };
		5700F5301C1DB053004E909B /* AFURLSessionManager.m */ = {isa = PBXFileReference; fileEncoding = 4; lastKnownFileType = sourcecode.c.objc; path = AFURLSessionManager.m; sourceTree = "<group>"; };
		5700F5321C1DB053004E909B /* EGOCache.h */ = {isa = PBXFileReference; fileEncoding = 4; lastKnownFileType = sourcecode.c.h; path = EGOCache.h; sourceTree = "<group>"; };
		5700F5331C1DB053004E909B /* EGOCache.m */ = {isa = PBXFileReference; fileEncoding = 4; lastKnownFileType = sourcecode.c.objc; path = EGOCache.m; sourceTree = "<group>"; };
		5700F5341C1DB053004E909B /* LICENSE */ = {isa = PBXFileReference; fileEncoding = 4; lastKnownFileType = text; path = LICENSE; sourceTree = "<group>"; };
		5700F5351C1DB053004E909B /* README.mdown */ = {isa = PBXFileReference; fileEncoding = 4; lastKnownFileType = net.daringfireball.markdown; path = README.mdown; sourceTree = "<group>"; };
		5700F5371C1DB053004E909B /* FrameAccessor.h */ = {isa = PBXFileReference; fileEncoding = 4; lastKnownFileType = sourcecode.c.h; path = FrameAccessor.h; sourceTree = "<group>"; };
		5700F5381C1DB053004E909B /* ScrollViewFrameAccessor.h */ = {isa = PBXFileReference; fileEncoding = 4; lastKnownFileType = sourcecode.c.h; path = ScrollViewFrameAccessor.h; sourceTree = "<group>"; };
		5700F5391C1DB053004E909B /* ScrollViewFrameAccessor.m */ = {isa = PBXFileReference; fileEncoding = 4; lastKnownFileType = sourcecode.c.objc; path = ScrollViewFrameAccessor.m; sourceTree = "<group>"; };
		5700F53A1C1DB053004E909B /* ViewFrameAccessor.h */ = {isa = PBXFileReference; fileEncoding = 4; lastKnownFileType = sourcecode.c.h; path = ViewFrameAccessor.h; sourceTree = "<group>"; };
		5700F53B1C1DB053004E909B /* ViewFrameAccessor.m */ = {isa = PBXFileReference; fileEncoding = 4; lastKnownFileType = sourcecode.c.objc; path = ViewFrameAccessor.m; sourceTree = "<group>"; };
		5700F53E1C1DB053004E909B /* FSBasicImage.h */ = {isa = PBXFileReference; fileEncoding = 4; lastKnownFileType = sourcecode.c.h; path = FSBasicImage.h; sourceTree = "<group>"; };
		5700F53F1C1DB053004E909B /* FSBasicImage.m */ = {isa = PBXFileReference; fileEncoding = 4; lastKnownFileType = sourcecode.c.objc; path = FSBasicImage.m; sourceTree = "<group>"; };
		5700F5401C1DB053004E909B /* FSBasicImageSource.h */ = {isa = PBXFileReference; fileEncoding = 4; lastKnownFileType = sourcecode.c.h; path = FSBasicImageSource.h; sourceTree = "<group>"; };
		5700F5411C1DB053004E909B /* FSBasicImageSource.m */ = {isa = PBXFileReference; fileEncoding = 4; lastKnownFileType = sourcecode.c.objc; path = FSBasicImageSource.m; sourceTree = "<group>"; };
		5700F5421C1DB053004E909B /* FSImage.h */ = {isa = PBXFileReference; fileEncoding = 4; lastKnownFileType = sourcecode.c.h; path = FSImage.h; sourceTree = "<group>"; };
		5700F5431C1DB053004E909B /* FSImageLoader.h */ = {isa = PBXFileReference; fileEncoding = 4; lastKnownFileType = sourcecode.c.h; path = FSImageLoader.h; sourceTree = "<group>"; };
		5700F5441C1DB053004E909B /* FSImageLoader.m */ = {isa = PBXFileReference; fileEncoding = 4; lastKnownFileType = sourcecode.c.objc; path = FSImageLoader.m; sourceTree = "<group>"; };
		5700F5451C1DB053004E909B /* FSImageScrollView.h */ = {isa = PBXFileReference; fileEncoding = 4; lastKnownFileType = sourcecode.c.h; path = FSImageScrollView.h; sourceTree = "<group>"; };
		5700F5461C1DB053004E909B /* FSImageScrollView.m */ = {isa = PBXFileReference; fileEncoding = 4; lastKnownFileType = sourcecode.c.objc; path = FSImageScrollView.m; sourceTree = "<group>"; };
		5700F5471C1DB053004E909B /* FSImageSource.h */ = {isa = PBXFileReference; fileEncoding = 4; lastKnownFileType = sourcecode.c.h; path = FSImageSource.h; sourceTree = "<group>"; };
		5700F5481C1DB053004E909B /* FSImageTitleView.h */ = {isa = PBXFileReference; fileEncoding = 4; lastKnownFileType = sourcecode.c.h; path = FSImageTitleView.h; sourceTree = "<group>"; };
		5700F5491C1DB053004E909B /* FSImageTitleView.m */ = {isa = PBXFileReference; fileEncoding = 4; lastKnownFileType = sourcecode.c.objc; path = FSImageTitleView.m; sourceTree = "<group>"; };
		5700F54A1C1DB053004E909B /* FSImageView.h */ = {isa = PBXFileReference; fileEncoding = 4; lastKnownFileType = sourcecode.c.h; path = FSImageView.h; sourceTree = "<group>"; };
		5700F54B1C1DB053004E909B /* FSImageView.m */ = {isa = PBXFileReference; fileEncoding = 4; lastKnownFileType = sourcecode.c.objc; path = FSImageView.m; sourceTree = "<group>"; };
		5700F54C1C1DB053004E909B /* FSImageViewer.h */ = {isa = PBXFileReference; fileEncoding = 4; lastKnownFileType = sourcecode.c.h; path = FSImageViewer.h; sourceTree = "<group>"; };
		5700F54D1C1DB053004E909B /* FSImageViewerViewController.h */ = {isa = PBXFileReference; fileEncoding = 4; lastKnownFileType = sourcecode.c.h; path = FSImageViewerViewController.h; sourceTree = "<group>"; };
		5700F54E1C1DB053004E909B /* FSImageViewerViewController.m */ = {isa = PBXFileReference; fileEncoding = 4; lastKnownFileType = sourcecode.c.objc; path = FSImageViewerViewController.m; sourceTree = "<group>"; };
		5700F54F1C1DB053004E909B /* FSPlaceholderImages.h */ = {isa = PBXFileReference; fileEncoding = 4; lastKnownFileType = sourcecode.c.h; path = FSPlaceholderImages.h; sourceTree = "<group>"; };
		5700F5501C1DB053004E909B /* FSPlaceholderImages.m */ = {isa = PBXFileReference; fileEncoding = 4; lastKnownFileType = sourcecode.c.objc; path = FSPlaceholderImages.m; sourceTree = "<group>"; };
		5700F5511C1DB053004E909B /* FSTitleView.h */ = {isa = PBXFileReference; fileEncoding = 4; lastKnownFileType = sourcecode.c.h; path = FSTitleView.h; sourceTree = "<group>"; };
		5700F5521C1DB053004E909B /* FSImageViewer.bundle */ = {isa = PBXFileReference; lastKnownFileType = "wrapper.plug-in"; path = FSImageViewer.bundle; sourceTree = "<group>"; };
		5700F5531C1DB053004E909B /* LICENSE */ = {isa = PBXFileReference; fileEncoding = 4; lastKnownFileType = text; path = LICENSE; sourceTree = "<group>"; };
		5700F5541C1DB053004E909B /* README.md */ = {isa = PBXFileReference; fileEncoding = 4; lastKnownFileType = net.daringfireball.markdown; path = README.md; sourceTree = "<group>"; };
		5700F5561C1DB053004E909B /* locateButton.png */ = {isa = PBXFileReference; lastKnownFileType = image.png; path = locateButton.png; sourceTree = "<group>"; };
		5700F5571C1DB053004E909B /* locateButton@2x.png */ = {isa = PBXFileReference; lastKnownFileType = image.png; path = "locateButton@2x.png"; sourceTree = "<group>"; };
		5700F5581C1DB053004E909B /* location.png */ = {isa = PBXFileReference; lastKnownFileType = image.png; path = location.png; sourceTree = "<group>"; };
		5700F5591C1DB053004E909B /* location@2x.png */ = {isa = PBXFileReference; lastKnownFileType = image.png; path = "location@2x.png"; sourceTree = "<group>"; };
		5700F55A1C1DB053004E909B /* SPGooglePlacesAutocompletePlace.h */ = {isa = PBXFileReference; fileEncoding = 4; lastKnownFileType = sourcecode.c.h; path = SPGooglePlacesAutocompletePlace.h; sourceTree = "<group>"; };
		5700F55B1C1DB053004E909B /* SPGooglePlacesAutocompletePlace.m */ = {isa = PBXFileReference; fileEncoding = 4; lastKnownFileType = sourcecode.c.objc; path = SPGooglePlacesAutocompletePlace.m; sourceTree = "<group>"; };
		5700F55C1C1DB053004E909B /* SPGooglePlacesAutocompleteQuery.h */ = {isa = PBXFileReference; fileEncoding = 4; lastKnownFileType = sourcecode.c.h; path = SPGooglePlacesAutocompleteQuery.h; sourceTree = "<group>"; };
		5700F55D1C1DB053004E909B /* SPGooglePlacesAutocompleteQuery.m */ = {isa = PBXFileReference; fileEncoding = 4; lastKnownFileType = sourcecode.c.objc; path = SPGooglePlacesAutocompleteQuery.m; sourceTree = "<group>"; };
		5700F55E1C1DB053004E909B /* SPGooglePlacesAutocompleteUtilities.h */ = {isa = PBXFileReference; fileEncoding = 4; lastKnownFileType = sourcecode.c.h; path = SPGooglePlacesAutocompleteUtilities.h; sourceTree = "<group>"; };
		5700F55F1C1DB053004E909B /* SPGooglePlacesAutocompleteUtilities.m */ = {isa = PBXFileReference; fileEncoding = 4; lastKnownFileType = sourcecode.c.objc; path = SPGooglePlacesAutocompleteUtilities.m; sourceTree = "<group>"; };
		5700F5601C1DB053004E909B /* SPGooglePlacesAutocompleteViewController.h */ = {isa = PBXFileReference; fileEncoding = 4; lastKnownFileType = sourcecode.c.h; path = SPGooglePlacesAutocompleteViewController.h; sourceTree = "<group>"; };
		5700F5611C1DB053004E909B /* SPGooglePlacesAutocompleteViewController.m */ = {isa = PBXFileReference; fileEncoding = 4; lastKnownFileType = sourcecode.c.objc; path = SPGooglePlacesAutocompleteViewController.m; sourceTree = "<group>"; };
		5700F5621C1DB053004E909B /* SPGooglePlacesAutocompleteViewController.xib */ = {isa = PBXFileReference; fileEncoding = 4; lastKnownFileType = file.xib; path = SPGooglePlacesAutocompleteViewController.xib; sourceTree = "<group>"; };
		5700F5631C1DB053004E909B /* SPGooglePlacesPlaceDetailQuery.h */ = {isa = PBXFileReference; fileEncoding = 4; lastKnownFileType = sourcecode.c.h; path = SPGooglePlacesPlaceDetailQuery.h; sourceTree = "<group>"; };
		5700F5641C1DB053004E909B /* SPGooglePlacesPlaceDetailQuery.m */ = {isa = PBXFileReference; fileEncoding = 4; lastKnownFileType = sourcecode.c.objc; path = SPGooglePlacesPlaceDetailQuery.m; sourceTree = "<group>"; };
		5700F5661C1DB053004E909B /* SVPullToRefresh.h */ = {isa = PBXFileReference; fileEncoding = 4; lastKnownFileType = sourcecode.c.h; path = SVPullToRefresh.h; sourceTree = "<group>"; };
		5700F5671C1DB053004E909B /* UIScrollView+SVInfiniteScrolling.h */ = {isa = PBXFileReference; fileEncoding = 4; lastKnownFileType = sourcecode.c.h; path = "UIScrollView+SVInfiniteScrolling.h"; sourceTree = "<group>"; };
		5700F5681C1DB053004E909B /* UIScrollView+SVInfiniteScrolling.m */ = {isa = PBXFileReference; fileEncoding = 4; lastKnownFileType = sourcecode.c.objc; path = "UIScrollView+SVInfiniteScrolling.m"; sourceTree = "<group>"; };
		5700F5691C1DB053004E909B /* UIScrollView+SVPullToRefresh.h */ = {isa = PBXFileReference; fileEncoding = 4; lastKnownFileType = sourcecode.c.h; path = "UIScrollView+SVPullToRefresh.h"; sourceTree = "<group>"; };
		5700F56A1C1DB053004E909B /* UIScrollView+SVPullToRefresh.m */ = {isa = PBXFileReference; fileEncoding = 4; lastKnownFileType = sourcecode.c.objc; path = "UIScrollView+SVPullToRefresh.m"; sourceTree = "<group>"; };
		5700F56C1C1DB053004E909B /* MKAnnotationView+WebCache.h */ = {isa = PBXFileReference; fileEncoding = 4; lastKnownFileType = sourcecode.c.h; path = "MKAnnotationView+WebCache.h"; sourceTree = "<group>"; };
		5700F56D1C1DB053004E909B /* MKAnnotationView+WebCache.m */ = {isa = PBXFileReference; fileEncoding = 4; lastKnownFileType = sourcecode.c.objc; path = "MKAnnotationView+WebCache.m"; sourceTree = "<group>"; };
		5700F56E1C1DB053004E909B /* NSData+ImageContentType.h */ = {isa = PBXFileReference; fileEncoding = 4; lastKnownFileType = sourcecode.c.h; path = "NSData+ImageContentType.h"; sourceTree = "<group>"; };
		5700F56F1C1DB053004E909B /* NSData+ImageContentType.m */ = {isa = PBXFileReference; fileEncoding = 4; lastKnownFileType = sourcecode.c.objc; path = "NSData+ImageContentType.m"; sourceTree = "<group>"; };
		5700F5701C1DB053004E909B /* SDImageCache.h */ = {isa = PBXFileReference; fileEncoding = 4; lastKnownFileType = sourcecode.c.h; path = SDImageCache.h; sourceTree = "<group>"; };
		5700F5711C1DB053004E909B /* SDImageCache.m */ = {isa = PBXFileReference; fileEncoding = 4; lastKnownFileType = sourcecode.c.objc; path = SDImageCache.m; sourceTree = "<group>"; };
		5700F5721C1DB053004E909B /* SDWebImageCompat.h */ = {isa = PBXFileReference; fileEncoding = 4; lastKnownFileType = sourcecode.c.h; path = SDWebImageCompat.h; sourceTree = "<group>"; };
		5700F5731C1DB053004E909B /* SDWebImageCompat.m */ = {isa = PBXFileReference; fileEncoding = 4; lastKnownFileType = sourcecode.c.objc; path = SDWebImageCompat.m; sourceTree = "<group>"; };
		5700F5741C1DB053004E909B /* SDWebImageDecoder.h */ = {isa = PBXFileReference; fileEncoding = 4; lastKnownFileType = sourcecode.c.h; path = SDWebImageDecoder.h; sourceTree = "<group>"; };
		5700F5751C1DB053004E909B /* SDWebImageDecoder.m */ = {isa = PBXFileReference; fileEncoding = 4; lastKnownFileType = sourcecode.c.objc; path = SDWebImageDecoder.m; sourceTree = "<group>"; };
		5700F5761C1DB053004E909B /* SDWebImageDownloader.h */ = {isa = PBXFileReference; fileEncoding = 4; lastKnownFileType = sourcecode.c.h; path = SDWebImageDownloader.h; sourceTree = "<group>"; };
		5700F5771C1DB053004E909B /* SDWebImageDownloader.m */ = {isa = PBXFileReference; fileEncoding = 4; lastKnownFileType = sourcecode.c.objc; path = SDWebImageDownloader.m; sourceTree = "<group>"; };
		5700F5781C1DB053004E909B /* SDWebImageDownloaderOperation.h */ = {isa = PBXFileReference; fileEncoding = 4; lastKnownFileType = sourcecode.c.h; path = SDWebImageDownloaderOperation.h; sourceTree = "<group>"; };
		5700F5791C1DB053004E909B /* SDWebImageDownloaderOperation.m */ = {isa = PBXFileReference; fileEncoding = 4; lastKnownFileType = sourcecode.c.objc; path = SDWebImageDownloaderOperation.m; sourceTree = "<group>"; };
		5700F57A1C1DB053004E909B /* SDWebImageManager.h */ = {isa = PBXFileReference; fileEncoding = 4; lastKnownFileType = sourcecode.c.h; path = SDWebImageManager.h; sourceTree = "<group>"; };
		5700F57B1C1DB053004E909B /* SDWebImageManager.m */ = {isa = PBXFileReference; fileEncoding = 4; lastKnownFileType = sourcecode.c.objc; path = SDWebImageManager.m; sourceTree = "<group>"; };
		5700F57C1C1DB053004E909B /* SDWebImageOperation.h */ = {isa = PBXFileReference; fileEncoding = 4; lastKnownFileType = sourcecode.c.h; path = SDWebImageOperation.h; sourceTree = "<group>"; };
		5700F57D1C1DB053004E909B /* SDWebImagePrefetcher.h */ = {isa = PBXFileReference; fileEncoding = 4; lastKnownFileType = sourcecode.c.h; path = SDWebImagePrefetcher.h; sourceTree = "<group>"; };
		5700F57E1C1DB053004E909B /* SDWebImagePrefetcher.m */ = {isa = PBXFileReference; fileEncoding = 4; lastKnownFileType = sourcecode.c.objc; path = SDWebImagePrefetcher.m; sourceTree = "<group>"; };
		5700F57F1C1DB053004E909B /* UIButton+WebCache.h */ = {isa = PBXFileReference; fileEncoding = 4; lastKnownFileType = sourcecode.c.h; path = "UIButton+WebCache.h"; sourceTree = "<group>"; };
		5700F5801C1DB053004E909B /* UIButton+WebCache.m */ = {isa = PBXFileReference; fileEncoding = 4; lastKnownFileType = sourcecode.c.objc; path = "UIButton+WebCache.m"; sourceTree = "<group>"; };
		5700F5811C1DB053004E909B /* UIImage+GIF.h */ = {isa = PBXFileReference; fileEncoding = 4; lastKnownFileType = sourcecode.c.h; path = "UIImage+GIF.h"; sourceTree = "<group>"; };
		5700F5821C1DB053004E909B /* UIImage+GIF.m */ = {isa = PBXFileReference; fileEncoding = 4; lastKnownFileType = sourcecode.c.objc; path = "UIImage+GIF.m"; sourceTree = "<group>"; };
		5700F5831C1DB053004E909B /* UIImage+MultiFormat.h */ = {isa = PBXFileReference; fileEncoding = 4; lastKnownFileType = sourcecode.c.h; path = "UIImage+MultiFormat.h"; sourceTree = "<group>"; };
		5700F5841C1DB053004E909B /* UIImage+MultiFormat.m */ = {isa = PBXFileReference; fileEncoding = 4; lastKnownFileType = sourcecode.c.objc; path = "UIImage+MultiFormat.m"; sourceTree = "<group>"; };
		5700F5851C1DB053004E909B /* UIImage+WebP.h */ = {isa = PBXFileReference; fileEncoding = 4; lastKnownFileType = sourcecode.c.h; path = "UIImage+WebP.h"; sourceTree = "<group>"; };
		5700F5861C1DB053004E909B /* UIImage+WebP.m */ = {isa = PBXFileReference; fileEncoding = 4; lastKnownFileType = sourcecode.c.objc; path = "UIImage+WebP.m"; sourceTree = "<group>"; };
		5700F5871C1DB053004E909B /* UIImageView+HighlightedWebCache.h */ = {isa = PBXFileReference; fileEncoding = 4; lastKnownFileType = sourcecode.c.h; path = "UIImageView+HighlightedWebCache.h"; sourceTree = "<group>"; };
		5700F5881C1DB053004E909B /* UIImageView+HighlightedWebCache.m */ = {isa = PBXFileReference; fileEncoding = 4; lastKnownFileType = sourcecode.c.objc; path = "UIImageView+HighlightedWebCache.m"; sourceTree = "<group>"; };
		5700F5891C1DB053004E909B /* UIImageView+WebCache.h */ = {isa = PBXFileReference; fileEncoding = 4; lastKnownFileType = sourcecode.c.h; path = "UIImageView+WebCache.h"; sourceTree = "<group>"; };
		5700F58A1C1DB053004E909B /* UIImageView+WebCache.m */ = {isa = PBXFileReference; fileEncoding = 4; lastKnownFileType = sourcecode.c.objc; path = "UIImageView+WebCache.m"; sourceTree = "<group>"; };
		5700F58B1C1DB053004E909B /* UIView+WebCacheOperation.h */ = {isa = PBXFileReference; fileEncoding = 4; lastKnownFileType = sourcecode.c.h; path = "UIView+WebCacheOperation.h"; sourceTree = "<group>"; };
		5700F58C1C1DB053004E909B /* UIView+WebCacheOperation.m */ = {isa = PBXFileReference; fileEncoding = 4; lastKnownFileType = sourcecode.c.objc; path = "UIView+WebCacheOperation.m"; sourceTree = "<group>"; };
		5700F5981C1DB053004E909B /* LICENSE */ = {isa = PBXFileReference; fileEncoding = 4; lastKnownFileType = text; path = LICENSE; sourceTree = "<group>"; };
		5700F5991C1DB053004E909B /* README.md */ = {isa = PBXFileReference; fileEncoding = 4; lastKnownFileType = net.daringfireball.markdown; path = README.md; sourceTree = "<group>"; };
		5700F59A1C1DB053004E909B /* UAProgressView.h */ = {isa = PBXFileReference; fileEncoding = 4; lastKnownFileType = sourcecode.c.h; path = UAProgressView.h; sourceTree = "<group>"; };
		5700F59B1C1DB053004E909B /* UAProgressView.m */ = {isa = PBXFileReference; fileEncoding = 4; lastKnownFileType = sourcecode.c.objc; path = UAProgressView.m; sourceTree = "<group>"; };
		5700F5D51C1DB115004E909B /* Constants.h */ = {isa = PBXFileReference; fileEncoding = 4; lastKnownFileType = sourcecode.c.h; path = Constants.h; sourceTree = "<group>"; };
		5700F5D61C1DB115004E909B /* Reachability.h */ = {isa = PBXFileReference; fileEncoding = 4; lastKnownFileType = sourcecode.c.h; path = Reachability.h; sourceTree = "<group>"; };
		5700F5D71C1DB115004E909B /* Reachability.m */ = {isa = PBXFileReference; fileEncoding = 4; lastKnownFileType = sourcecode.c.objc; path = Reachability.m; sourceTree = "<group>"; };
		57F72D5E1C1DBE5300907A4A /* ProgressView.h */ = {isa = PBXFileReference; fileEncoding = 4; lastKnownFileType = sourcecode.c.h; path = ProgressView.h; sourceTree = "<group>"; };
		57F72D5F1C1DBE5300907A4A /* ProgressView.m */ = {isa = PBXFileReference; fileEncoding = 4; lastKnownFileType = sourcecode.c.objc; path = ProgressView.m; sourceTree = "<group>"; };
		57F72D621C1DBE8500907A4A /* SVIndefiniteAnimatedView.h */ = {isa = PBXFileReference; fileEncoding = 4; lastKnownFileType = sourcecode.c.h; path = SVIndefiniteAnimatedView.h; sourceTree = "<group>"; };
		57F72D631C1DBE8500907A4A /* SVIndefiniteAnimatedView.m */ = {isa = PBXFileReference; fileEncoding = 4; lastKnownFileType = sourcecode.c.objc; path = SVIndefiniteAnimatedView.m; sourceTree = "<group>"; };
		57F72D641C1DBE8500907A4A /* SVProgressHUD.bundle */ = {isa = PBXFileReference; lastKnownFileType = "wrapper.plug-in"; path = SVProgressHUD.bundle; sourceTree = "<group>"; };
		57F72D651C1DBE8500907A4A /* SVProgressHUD.h */ = {isa = PBXFileReference; fileEncoding = 4; lastKnownFileType = sourcecode.c.h; path = SVProgressHUD.h; sourceTree = "<group>"; };
		57F72D661C1DBE8500907A4A /* SVProgressHUD.m */ = {isa = PBXFileReference; fileEncoding = 4; lastKnownFileType = sourcecode.c.objc; path = SVProgressHUD.m; sourceTree = "<group>"; };
/* End PBXFileReference section */

/* Begin PBXFrameworksBuildPhase section */
		085A16A01C1B27930035488A /* Frameworks */ = {
			isa = PBXFrameworksBuildPhase;
			buildActionMask = 2147483647;
			files = (
				5700F5171C1DAA80004E909B /* AudioToolbox.framework in Frameworks */,
				5700F5151C1DAA42004E909B /* SystemConfiguration.framework in Frameworks */,
				5700F5131C1DAA1F004E909B /* CoreGraphics.framework in Frameworks */,
				5700F5111C1DA97A004E909B /* libsqlite3.0.tbd in Frameworks */,
				5700F50F1C1DA96D004E909B /* MobileCoreServices.framework in Frameworks */,
				5700F50D1C1DA965004E909B /* Social.framework in Frameworks */,
				5700F50B1C1DA94F004E909B /* CFNetwork.framework in Frameworks */,
				5700F5091C1D944F004E909B /* ParseUI.framework in Frameworks */,
				5700F5051C1D944F004E909B /* Parse.framework in Frameworks */,
				5700F5041C1D944F004E909B /* Bolts.framework in Frameworks */,
				5700F5071C1D944F004E909B /* ParseFacebookUtilsV4.framework in Frameworks */,
				5700F5061C1D944F004E909B /* ParseFacebookUtils.framework in Frameworks */,
				5700F5081C1D944F004E909B /* ParseTwitterUtils.framework in Frameworks */,
			);
			runOnlyForDeploymentPostprocessing = 0;
		};
		085A16B91C1B27930035488A /* Frameworks */ = {
			isa = PBXFrameworksBuildPhase;
			buildActionMask = 2147483647;
			files = (
			);
			runOnlyForDeploymentPostprocessing = 0;
		};
		085A16C41C1B27930035488A /* Frameworks */ = {
			isa = PBXFrameworksBuildPhase;
			buildActionMask = 2147483647;
			files = (
			);
			runOnlyForDeploymentPostprocessing = 0;
		};
/* End PBXFrameworksBuildPhase section */

/* Begin PBXGroup section */
		085A169A1C1B27930035488A = {
			isa = PBXGroup;
			children = (
				085A16A51C1B27930035488A /* Waitress */,
				085A16BF1C1B27930035488A /* WaitressTests */,
				085A16CA1C1B27930035488A /* WaitressUITests */,
				085A16A41C1B27930035488A /* Products */,
			);
			sourceTree = "<group>";
		};
		085A16A41C1B27930035488A /* Products */ = {
			isa = PBXGroup;
			children = (
				085A16A31C1B27930035488A /* Waitress.app */,
				085A16BC1C1B27930035488A /* WaitressTests.xctest */,
				085A16C71C1B27930035488A /* WaitressUITests.xctest */,
			);
			name = Products;
			sourceTree = "<group>";
		};
		085A16A51C1B27930035488A /* Waitress */ = {
			isa = PBXGroup;
			children = (
				085A16A91C1B27930035488A /* AppDelegate.h */,
				085A16AA1C1B27930035488A /* AppDelegate.m */,
				5700F5191C1DADBD004E909B /* Parse */,
				085A16D91C1B286C0035488A /* ViewControllers */,
				085A16B21C1B27930035488A /* Assets.xcassets */,
				085A16B41C1B27930035488A /* LaunchScreen.storyboard */,
				085A16B71C1B27930035488A /* Info.plist */,
				5700F5D41C1DB0D1004E909B /* Helpers */,
				5700F4FB1C1D942C004E909B /* Frameworks */,
				5700F4FC1C1D942C004E909B /* Libs */,
				085A16A61C1B27930035488A /* Supporting Files */,
			);
			path = Waitress;
			sourceTree = "<group>";
		};
		085A16A61C1B27930035488A /* Supporting Files */ = {
			isa = PBXGroup;
			children = (
				085A16A71C1B27930035488A /* main.m */,
			);
			name = "Supporting Files";
			sourceTree = "<group>";
		};
		085A16BF1C1B27930035488A /* WaitressTests */ = {
			isa = PBXGroup;
			children = (
				085A16C01C1B27930035488A /* WaitressTests.m */,
				085A16C21C1B27930035488A /* Info.plist */,
			);
			path = WaitressTests;
			sourceTree = "<group>";
		};
		085A16CA1C1B27930035488A /* WaitressUITests */ = {
			isa = PBXGroup;
			children = (
				085A16CB1C1B27930035488A /* WaitressUITests.m */,
				085A16CD1C1B27930035488A /* Info.plist */,
			);
			path = WaitressUITests;
			sourceTree = "<group>";
		};
		085A16D91C1B286C0035488A /* ViewControllers */ = {
			isa = PBXGroup;
			children = (
				5700F5181C1DAAC9004E909B /* HomeViewController */,
			);
			path = ViewControllers;
			sourceTree = "<group>";
		};
		5700F4FB1C1D942C004E909B /* Frameworks */ = {
			isa = PBXGroup;
			children = (
				5700F5101C1DA97A004E909B /* libsqlite3.0.tbd */,
				5700F5161C1DAA80004E909B /* AudioToolbox.framework */,
				5700F5141C1DAA42004E909B /* SystemConfiguration.framework */,
				5700F5121C1DAA1F004E909B /* CoreGraphics.framework */,
				5700F50E1C1DA96D004E909B /* MobileCoreServices.framework */,
				5700F50C1C1DA965004E909B /* Social.framework */,
				5700F50A1C1DA94F004E909B /* CFNetwork.framework */,
				5700F4FD1C1D944F004E909B /* parse */,
			);
			path = Frameworks;
			sourceTree = "<group>";
		};
		5700F4FC1C1D942C004E909B /* Libs */ = {
			isa = PBXGroup;
			children = (
				57F72D611C1DBE8500907A4A /* SVProgressHUD */,
				5700F51D1C1DB053004E909B /* AFNetworking */,
				5700F5311C1DB053004E909B /* EGOCache */,
				5700F5361C1DB053004E909B /* FrameAccessor */,
				5700F53C1C1DB053004E909B /* FSImageViewer */,
				5700F5551C1DB053004E909B /* GooglePlacesAutocomplete */,
				5700F5651C1DB053004E909B /* PullToRefresh */,
				5700F56B1C1DB053004E909B /* SDWebImage */,
				5700F58D1C1DB053004E909B /* SDWebImage-master */,
				5700F5971C1DB053004E909B /* UAProgressView */,
			);
			path = Libs;
			sourceTree = "<group>";
		};
		5700F4FD1C1D944F004E909B /* parse */ = {
			isa = PBXGroup;
			children = (
				5700F4FE1C1D944F004E909B /* Bolts.framework */,
				5700F4FF1C1D944F004E909B /* Parse.framework */,
				5700F5001C1D944F004E909B /* ParseFacebookUtils.framework */,
				5700F5011C1D944F004E909B /* ParseFacebookUtilsV4.framework */,
				5700F5021C1D944F004E909B /* ParseTwitterUtils.framework */,
				5700F5031C1D944F004E909B /* ParseUI.framework */,
			);
			path = parse;
			sourceTree = "<group>";
		};
		5700F5181C1DAAC9004E909B /* HomeViewController */ = {
			isa = PBXGroup;
			children = (
				085A16DA1C1B28890035488A /* HomeViewController.h */,
				085A16DB1C1B28890035488A /* HomeViewController.m */,
				085A16DC1C1B28890035488A /* HomeViewController.xib */,
			);
			path = HomeViewController;
			sourceTree = "<group>";
		};
		5700F5191C1DADBD004E909B /* Parse */ = {
			isa = PBXGroup;
			children = (
				5700F51A1C1DADCE004E909B /* Query.h */,
				5700F51B1C1DADCE004E909B /* Query.m */,
			);
			path = Parse;
			sourceTree = "<group>";
		};
		5700F51D1C1DB053004E909B /* AFNetworking */ = {
			isa = PBXGroup;
			children = (
				5700F51E1C1DB053004E909B /* AFHTTPRequestOperation.h */,
				5700F51F1C1DB053004E909B /* AFHTTPRequestOperation.m */,
				5700F5201C1DB053004E909B /* AFHTTPRequestOperationManager.h */,
				5700F5211C1DB053004E909B /* AFHTTPRequestOperationManager.m */,
				5700F5221C1DB053004E909B /* AFHTTPSessionManager.h */,
				5700F5231C1DB053004E909B /* AFHTTPSessionManager.m */,
				5700F5241C1DB053004E909B /* AFNetworking.h */,
				5700F5251C1DB053004E909B /* AFNetworkReachabilityManager.h */,
				5700F5261C1DB053004E909B /* AFNetworkReachabilityManager.m */,
				5700F5271C1DB053004E909B /* AFSecurityPolicy.h */,
				5700F5281C1DB053004E909B /* AFSecurityPolicy.m */,
				5700F5291C1DB053004E909B /* AFURLConnectionOperation.h */,
				5700F52A1C1DB053004E909B /* AFURLConnectionOperation.m */,
				5700F52B1C1DB053004E909B /* AFURLRequestSerialization.h */,
				5700F52C1C1DB053004E909B /* AFURLRequestSerialization.m */,
				5700F52D1C1DB053004E909B /* AFURLResponseSerialization.h */,
				5700F52E1C1DB053004E909B /* AFURLResponseSerialization.m */,
				5700F52F1C1DB053004E909B /* AFURLSessionManager.h */,
				5700F5301C1DB053004E909B /* AFURLSessionManager.m */,
			);
			path = AFNetworking;
			sourceTree = "<group>";
		};
		5700F5311C1DB053004E909B /* EGOCache */ = {
			isa = PBXGroup;
			children = (
				5700F5321C1DB053004E909B /* EGOCache.h */,
				5700F5331C1DB053004E909B /* EGOCache.m */,
				5700F5341C1DB053004E909B /* LICENSE */,
				5700F5351C1DB053004E909B /* README.mdown */,
			);
			path = EGOCache;
			sourceTree = "<group>";
		};
		5700F5361C1DB053004E909B /* FrameAccessor */ = {
			isa = PBXGroup;
			children = (
				5700F5371C1DB053004E909B /* FrameAccessor.h */,
				5700F5381C1DB053004E909B /* ScrollViewFrameAccessor.h */,
				5700F5391C1DB053004E909B /* ScrollViewFrameAccessor.m */,
				5700F53A1C1DB053004E909B /* ViewFrameAccessor.h */,
				5700F53B1C1DB053004E909B /* ViewFrameAccessor.m */,
			);
			path = FrameAccessor;
			sourceTree = "<group>";
		};
		5700F53C1C1DB053004E909B /* FSImageViewer */ = {
			isa = PBXGroup;
			children = (
				5700F53D1C1DB053004E909B /* FSImageViewer */,
				5700F5521C1DB053004E909B /* FSImageViewer.bundle */,
				5700F5531C1DB053004E909B /* LICENSE */,
				5700F5541C1DB053004E909B /* README.md */,
			);
			path = FSImageViewer;
			sourceTree = "<group>";
		};
		5700F53D1C1DB053004E909B /* FSImageViewer */ = {
			isa = PBXGroup;
			children = (
				5700F53E1C1DB053004E909B /* FSBasicImage.h */,
				5700F53F1C1DB053004E909B /* FSBasicImage.m */,
				5700F5401C1DB053004E909B /* FSBasicImageSource.h */,
				5700F5411C1DB053004E909B /* FSBasicImageSource.m */,
				5700F5421C1DB053004E909B /* FSImage.h */,
				5700F5431C1DB053004E909B /* FSImageLoader.h */,
				5700F5441C1DB053004E909B /* FSImageLoader.m */,
				5700F5451C1DB053004E909B /* FSImageScrollView.h */,
				5700F5461C1DB053004E909B /* FSImageScrollView.m */,
				5700F5471C1DB053004E909B /* FSImageSource.h */,
				5700F5481C1DB053004E909B /* FSImageTitleView.h */,
				5700F5491C1DB053004E909B /* FSImageTitleView.m */,
				5700F54A1C1DB053004E909B /* FSImageView.h */,
				5700F54B1C1DB053004E909B /* FSImageView.m */,
				5700F54C1C1DB053004E909B /* FSImageViewer.h */,
				5700F54D1C1DB053004E909B /* FSImageViewerViewController.h */,
				5700F54E1C1DB053004E909B /* FSImageViewerViewController.m */,
				5700F54F1C1DB053004E909B /* FSPlaceholderImages.h */,
				5700F5501C1DB053004E909B /* FSPlaceholderImages.m */,
				5700F5511C1DB053004E909B /* FSTitleView.h */,
			);
			path = FSImageViewer;
			sourceTree = "<group>";
		};
		5700F5551C1DB053004E909B /* GooglePlacesAutocomplete */ = {
			isa = PBXGroup;
			children = (
				5700F5561C1DB053004E909B /* locateButton.png */,
				5700F5571C1DB053004E909B /* locateButton@2x.png */,
				5700F5581C1DB053004E909B /* location.png */,
				5700F5591C1DB053004E909B /* location@2x.png */,
				5700F55A1C1DB053004E909B /* SPGooglePlacesAutocompletePlace.h */,
				5700F55B1C1DB053004E909B /* SPGooglePlacesAutocompletePlace.m */,
				5700F55C1C1DB053004E909B /* SPGooglePlacesAutocompleteQuery.h */,
				5700F55D1C1DB053004E909B /* SPGooglePlacesAutocompleteQuery.m */,
				5700F55E1C1DB053004E909B /* SPGooglePlacesAutocompleteUtilities.h */,
				5700F55F1C1DB053004E909B /* SPGooglePlacesAutocompleteUtilities.m */,
				5700F5601C1DB053004E909B /* SPGooglePlacesAutocompleteViewController.h */,
				5700F5611C1DB053004E909B /* SPGooglePlacesAutocompleteViewController.m */,
				5700F5621C1DB053004E909B /* SPGooglePlacesAutocompleteViewController.xib */,
				5700F5631C1DB053004E909B /* SPGooglePlacesPlaceDetailQuery.h */,
				5700F5641C1DB053004E909B /* SPGooglePlacesPlaceDetailQuery.m */,
			);
			path = GooglePlacesAutocomplete;
			sourceTree = "<group>";
		};
		5700F5651C1DB053004E909B /* PullToRefresh */ = {
			isa = PBXGroup;
			children = (
				5700F5661C1DB053004E909B /* SVPullToRefresh.h */,
				5700F5671C1DB053004E909B /* UIScrollView+SVInfiniteScrolling.h */,
				5700F5681C1DB053004E909B /* UIScrollView+SVInfiniteScrolling.m */,
				5700F5691C1DB053004E909B /* UIScrollView+SVPullToRefresh.h */,
				5700F56A1C1DB053004E909B /* UIScrollView+SVPullToRefresh.m */,
			);
			path = PullToRefresh;
			sourceTree = "<group>";
		};
		5700F56B1C1DB053004E909B /* SDWebImage */ = {
			isa = PBXGroup;
			children = (
				5700F56C1C1DB053004E909B /* MKAnnotationView+WebCache.h */,
				5700F56D1C1DB053004E909B /* MKAnnotationView+WebCache.m */,
				5700F56E1C1DB053004E909B /* NSData+ImageContentType.h */,
				5700F56F1C1DB053004E909B /* NSData+ImageContentType.m */,
				5700F5701C1DB053004E909B /* SDImageCache.h */,
				5700F5711C1DB053004E909B /* SDImageCache.m */,
				5700F5721C1DB053004E909B /* SDWebImageCompat.h */,
				5700F5731C1DB053004E909B /* SDWebImageCompat.m */,
				5700F5741C1DB053004E909B /* SDWebImageDecoder.h */,
				5700F5751C1DB053004E909B /* SDWebImageDecoder.m */,
				5700F5761C1DB053004E909B /* SDWebImageDownloader.h */,
				5700F5771C1DB053004E909B /* SDWebImageDownloader.m */,
				5700F5781C1DB053004E909B /* SDWebImageDownloaderOperation.h */,
				5700F5791C1DB053004E909B /* SDWebImageDownloaderOperation.m */,
				5700F57A1C1DB053004E909B /* SDWebImageManager.h */,
				5700F57B1C1DB053004E909B /* SDWebImageManager.m */,
				5700F57C1C1DB053004E909B /* SDWebImageOperation.h */,
				5700F57D1C1DB053004E909B /* SDWebImagePrefetcher.h */,
				5700F57E1C1DB053004E909B /* SDWebImagePrefetcher.m */,
				5700F57F1C1DB053004E909B /* UIButton+WebCache.h */,
				5700F5801C1DB053004E909B /* UIButton+WebCache.m */,
				5700F5811C1DB053004E909B /* UIImage+GIF.h */,
				5700F5821C1DB053004E909B /* UIImage+GIF.m */,
				5700F5831C1DB053004E909B /* UIImage+MultiFormat.h */,
				5700F5841C1DB053004E909B /* UIImage+MultiFormat.m */,
				5700F5851C1DB053004E909B /* UIImage+WebP.h */,
				5700F5861C1DB053004E909B /* UIImage+WebP.m */,
				5700F5871C1DB053004E909B /* UIImageView+HighlightedWebCache.h */,
				5700F5881C1DB053004E909B /* UIImageView+HighlightedWebCache.m */,
				5700F5891C1DB053004E909B /* UIImageView+WebCache.h */,
				5700F58A1C1DB053004E909B /* UIImageView+WebCache.m */,
				5700F58B1C1DB053004E909B /* UIView+WebCacheOperation.h */,
				5700F58C1C1DB053004E909B /* UIView+WebCacheOperation.m */,
			);
			path = SDWebImage;
			sourceTree = "<group>";
		};
		5700F58D1C1DB053004E909B /* SDWebImage-master */ = {
			isa = PBXGroup;
			children = (
				5700F58E1C1DB053004E909B /* Examples */,
				5700F5911C1DB053004E909B /* SDWebImage */,
				5700F5921C1DB053004E909B /* Tests */,
				5700F5941C1DB053004E909B /* Vendors */,
				5700F5961C1DB053004E909B /* WebImage */,
			);
			path = "SDWebImage-master";
			sourceTree = "<group>";
		};
		5700F58E1C1DB053004E909B /* Examples */ = {
			isa = PBXGroup;
			children = (
				5700F58F1C1DB053004E909B /* CustomPathImages */,
				5700F5901C1DB053004E909B /* SDWebImage Demo */,
			);
			path = Examples;
			sourceTree = "<group>";
		};
		5700F58F1C1DB053004E909B /* CustomPathImages */ = {
			isa = PBXGroup;
			children = (
			);
			path = CustomPathImages;
			sourceTree = "<group>";
		};
		5700F5901C1DB053004E909B /* SDWebImage Demo */ = {
			isa = PBXGroup;
			children = (
			);
			path = "SDWebImage Demo";
			sourceTree = "<group>";
		};
		5700F5911C1DB053004E909B /* SDWebImage */ = {
			isa = PBXGroup;
			children = (
			);
			path = SDWebImage;
			sourceTree = "<group>";
		};
		5700F5921C1DB053004E909B /* Tests */ = {
			isa = PBXGroup;
			children = (
				5700F5931C1DB053004E909B /* Tests */,
			);
			path = Tests;
			sourceTree = "<group>";
		};
		5700F5931C1DB053004E909B /* Tests */ = {
			isa = PBXGroup;
			children = (
			);
			path = Tests;
			sourceTree = "<group>";
		};
		5700F5941C1DB053004E909B /* Vendors */ = {
			isa = PBXGroup;
			children = (
				5700F5951C1DB053004E909B /* libwebp */,
			);
			path = Vendors;
			sourceTree = "<group>";
		};
		5700F5951C1DB053004E909B /* libwebp */ = {
			isa = PBXGroup;
			children = (
			);
			path = libwebp;
			sourceTree = "<group>";
		};
		5700F5961C1DB053004E909B /* WebImage */ = {
			isa = PBXGroup;
			children = (
			);
			path = WebImage;
			sourceTree = "<group>";
		};
		5700F5971C1DB053004E909B /* UAProgressView */ = {
			isa = PBXGroup;
			children = (
				5700F5981C1DB053004E909B /* LICENSE */,
				5700F5991C1DB053004E909B /* README.md */,
				5700F59A1C1DB053004E909B /* UAProgressView.h */,
				5700F59B1C1DB053004E909B /* UAProgressView.m */,
			);
			path = UAProgressView;
			sourceTree = "<group>";
		};
		5700F5D41C1DB0D1004E909B /* Helpers */ = {
			isa = PBXGroup;
			children = (
				5700F5D51C1DB115004E909B /* Constants.h */,
				5700F5D61C1DB115004E909B /* Reachability.h */,
				5700F5D71C1DB115004E909B /* Reachability.m */,
				57F72D5E1C1DBE5300907A4A /* ProgressView.h */,
				57F72D5F1C1DBE5300907A4A /* ProgressView.m */,
			);
			path = Helpers;
			sourceTree = "<group>";
		};
		57F72D611C1DBE8500907A4A /* SVProgressHUD */ = {
			isa = PBXGroup;
			children = (
				57F72D621C1DBE8500907A4A /* SVIndefiniteAnimatedView.h */,
				57F72D631C1DBE8500907A4A /* SVIndefiniteAnimatedView.m */,
				57F72D641C1DBE8500907A4A /* SVProgressHUD.bundle */,
				57F72D651C1DBE8500907A4A /* SVProgressHUD.h */,
				57F72D661C1DBE8500907A4A /* SVProgressHUD.m */,
			);
			path = SVProgressHUD;
			sourceTree = "<group>";
		};
/* End PBXGroup section */

/* Begin PBXNativeTarget section */
		085A16A21C1B27930035488A /* Waitress */ = {
			isa = PBXNativeTarget;
			buildConfigurationList = 085A16D01C1B27930035488A /* Build configuration list for PBXNativeTarget "Waitress" */;
			buildPhases = (
				085A169F1C1B27930035488A /* Sources */,
				085A16A01C1B27930035488A /* Frameworks */,
				085A16A11C1B27930035488A /* Resources */,
			);
			buildRules = (
			);
			dependencies = (
			);
			name = Waitress;
			productName = Waitress;
			productReference = 085A16A31C1B27930035488A /* Waitress.app */;
			productType = "com.apple.product-type.application";
		};
		085A16BB1C1B27930035488A /* WaitressTests */ = {
			isa = PBXNativeTarget;
			buildConfigurationList = 085A16D31C1B27930035488A /* Build configuration list for PBXNativeTarget "WaitressTests" */;
			buildPhases = (
				085A16B81C1B27930035488A /* Sources */,
				085A16B91C1B27930035488A /* Frameworks */,
				085A16BA1C1B27930035488A /* Resources */,
			);
			buildRules = (
			);
			dependencies = (
				085A16BE1C1B27930035488A /* PBXTargetDependency */,
			);
			name = WaitressTests;
			productName = WaitressTests;
			productReference = 085A16BC1C1B27930035488A /* WaitressTests.xctest */;
			productType = "com.apple.product-type.bundle.unit-test";
		};
		085A16C61C1B27930035488A /* WaitressUITests */ = {
			isa = PBXNativeTarget;
			buildConfigurationList = 085A16D61C1B27930035488A /* Build configuration list for PBXNativeTarget "WaitressUITests" */;
			buildPhases = (
				085A16C31C1B27930035488A /* Sources */,
				085A16C41C1B27930035488A /* Frameworks */,
				085A16C51C1B27930035488A /* Resources */,
			);
			buildRules = (
			);
			dependencies = (
				085A16C91C1B27930035488A /* PBXTargetDependency */,
			);
			name = WaitressUITests;
			productName = WaitressUITests;
			productReference = 085A16C71C1B27930035488A /* WaitressUITests.xctest */;
			productType = "com.apple.product-type.bundle.ui-testing";
		};
/* End PBXNativeTarget section */

/* Begin PBXProject section */
		085A169B1C1B27930035488A /* Project object */ = {
			isa = PBXProject;
			attributes = {
				LastUpgradeCheck = 0710;
				ORGANIZATIONNAME = Waitress;
				TargetAttributes = {
					085A16A21C1B27930035488A = {
						CreatedOnToolsVersion = 7.1.1;
					};
					085A16BB1C1B27930035488A = {
						CreatedOnToolsVersion = 7.1.1;
						TestTargetID = 085A16A21C1B27930035488A;
					};
					085A16C61C1B27930035488A = {
						CreatedOnToolsVersion = 7.1.1;
						TestTargetID = 085A16A21C1B27930035488A;
					};
				};
			};
			buildConfigurationList = 085A169E1C1B27930035488A /* Build configuration list for PBXProject "Waitress" */;
			compatibilityVersion = "Xcode 3.2";
			developmentRegion = English;
			hasScannedForEncodings = 0;
			knownRegions = (
				en,
				Base,
			);
			mainGroup = 085A169A1C1B27930035488A;
			productRefGroup = 085A16A41C1B27930035488A /* Products */;
			projectDirPath = "";
			projectRoot = "";
			targets = (
				085A16A21C1B27930035488A /* Waitress */,
				085A16BB1C1B27930035488A /* WaitressTests */,
				085A16C61C1B27930035488A /* WaitressUITests */,
			);
		};
/* End PBXProject section */

/* Begin PBXResourcesBuildPhase section */
		085A16A11C1B27930035488A /* Resources */ = {
			isa = PBXResourcesBuildPhase;
			buildActionMask = 2147483647;
			files = (
				5700F5B31C1DB053004E909B /* LICENSE in Resources */,
				085A16B61C1B27930035488A /* LaunchScreen.storyboard in Resources */,
				085A16B31C1B27930035488A /* Assets.xcassets in Resources */,
				5700F5BD1C1DB053004E909B /* SPGooglePlacesAutocompleteViewController.xib in Resources */,
				5700F5A61C1DB053004E909B /* LICENSE in Resources */,
				5700F5B71C1DB053004E909B /* location.png in Resources */,
				5700F5D11C1DB053004E909B /* LICENSE in Resources */,
				5700F5B61C1DB053004E909B /* locateButton@2x.png in Resources */,
				57F72D681C1DBE8500907A4A /* SVProgressHUD.bundle in Resources */,
				5700F5B51C1DB053004E909B /* locateButton.png in Resources */,
				5700F5B81C1DB053004E909B /* location@2x.png in Resources */,
				085A16DE1C1B28890035488A /* HomeViewController.xib in Resources */,
				5700F5B21C1DB053004E909B /* FSImageViewer.bundle in Resources */,
			);
			runOnlyForDeploymentPostprocessing = 0;
		};
		085A16BA1C1B27930035488A /* Resources */ = {
			isa = PBXResourcesBuildPhase;
			buildActionMask = 2147483647;
			files = (
			);
			runOnlyForDeploymentPostprocessing = 0;
		};
		085A16C51C1B27930035488A /* Resources */ = {
			isa = PBXResourcesBuildPhase;
			buildActionMask = 2147483647;
			files = (
			);
			runOnlyForDeploymentPostprocessing = 0;
		};
/* End PBXResourcesBuildPhase section */

/* Begin PBXSourcesBuildPhase section */
		085A169F1C1B27930035488A /* Sources */ = {
			isa = PBXSourcesBuildPhase;
			buildActionMask = 2147483647;
			files = (
				5700F51C1C1DADCE004E909B /* Query.m in Sources */,
				5700F5AD1C1DB053004E909B /* FSImageScrollView.m in Sources */,
				5700F5B91C1DB053004E909B /* SPGooglePlacesAutocompletePlace.m in Sources */,
				57F72D601C1DBE5300907A4A /* ProgressView.m in Sources */,
				5700F5C81C1DB053004E909B /* SDWebImageManager.m in Sources */,
				5700F5AC1C1DB053004E909B /* FSImageLoader.m in Sources */,
				5700F5BA1C1DB053004E909B /* SPGooglePlacesAutocompleteQuery.m in Sources */,
				5700F5A01C1DB053004E909B /* AFSecurityPolicy.m in Sources */,
				5700F5CC1C1DB053004E909B /* UIImage+MultiFormat.m in Sources */,
				5700F5B41C1DB053004E909B /* README.md in Sources */,
				5700F5C61C1DB053004E909B /* SDWebImageDownloader.m in Sources */,
				085A16AB1C1B27930035488A /* AppDelegate.m in Sources */,
				5700F5CD1C1DB053004E909B /* UIImage+WebP.m in Sources */,
				5700F5D21C1DB053004E909B /* README.md in Sources */,
				5700F5AA1C1DB053004E909B /* FSBasicImage.m in Sources */,
				5700F5BB1C1DB053004E909B /* SPGooglePlacesAutocompleteUtilities.m in Sources */,
				5700F5AE1C1DB053004E909B /* FSImageTitleView.m in Sources */,
				5700F5A91C1DB053004E909B /* ViewFrameAccessor.m in Sources */,
				5700F5CE1C1DB053004E909B /* UIImageView+HighlightedWebCache.m in Sources */,
				5700F5C51C1DB053004E909B /* SDWebImageDecoder.m in Sources */,
				5700F5C91C1DB053004E909B /* SDWebImagePrefetcher.m in Sources */,
				5700F5BF1C1DB053004E909B /* UIScrollView+SVInfiniteScrolling.m in Sources */,
				5700F5BC1C1DB053004E909B /* SPGooglePlacesAutocompleteViewController.m in Sources */,
				5700F59D1C1DB053004E909B /* AFHTTPRequestOperationManager.m in Sources */,
				5700F5A11C1DB053004E909B /* AFURLConnectionOperation.m in Sources */,
				5700F59C1C1DB053004E909B /* AFHTTPRequestOperation.m in Sources */,
				085A16A81C1B27930035488A /* main.m in Sources */,
				5700F5D81C1DB115004E909B /* Reachability.m in Sources */,
				5700F5CB1C1DB053004E909B /* UIImage+GIF.m in Sources */,
				5700F5CF1C1DB053004E909B /* UIImageView+WebCache.m in Sources */,
				5700F5A21C1DB053004E909B /* AFURLRequestSerialization.m in Sources */,
				5700F5C31C1DB053004E909B /* SDImageCache.m in Sources */,
				5700F5B01C1DB053004E909B /* FSImageViewerViewController.m in Sources */,
				5700F5AF1C1DB053004E909B /* FSImageView.m in Sources */,
				5700F5AB1C1DB053004E909B /* FSBasicImageSource.m in Sources */,
				5700F5B11C1DB053004E909B /* FSPlaceholderImages.m in Sources */,
				5700F5C71C1DB053004E909B /* SDWebImageDownloaderOperation.m in Sources */,
				5700F5C01C1DB053004E909B /* UIScrollView+SVPullToRefresh.m in Sources */,
				5700F59E1C1DB053004E909B /* AFHTTPSessionManager.m in Sources */,
				5700F5C41C1DB053004E909B /* SDWebImageCompat.m in Sources */,
				5700F5C21C1DB053004E909B /* NSData+ImageContentType.m in Sources */,
				5700F5A71C1DB053004E909B /* README.mdown in Sources */,
				57F72D691C1DBE8500907A4A /* SVProgressHUD.m in Sources */,
				5700F59F1C1DB053004E909B /* AFNetworkReachabilityManager.m in Sources */,
				5700F5A51C1DB053004E909B /* EGOCache.m in Sources */,
				5700F5CA1C1DB053004E909B /* UIButton+WebCache.m in Sources */,
				5700F5BE1C1DB053004E909B /* SPGooglePlacesPlaceDetailQuery.m in Sources */,
				5700F5A81C1DB053004E909B /* ScrollViewFrameAccessor.m in Sources */,
				57F72D671C1DBE8500907A4A /* SVIndefiniteAnimatedView.m in Sources */,
				5700F5A31C1DB053004E909B /* AFURLResponseSerialization.m in Sources */,
				5700F5D01C1DB053004E909B /* UIView+WebCacheOperation.m in Sources */,
				5700F5C11C1DB053004E909B /* MKAnnotationView+WebCache.m in Sources */,
				5700F5A41C1DB053004E909B /* AFURLSessionManager.m in Sources */,
				085A16DD1C1B28890035488A /* HomeViewController.m in Sources */,
				5700F5D31C1DB053004E909B /* UAProgressView.m in Sources */,
			);
			runOnlyForDeploymentPostprocessing = 0;
		};
		085A16B81C1B27930035488A /* Sources */ = {
			isa = PBXSourcesBuildPhase;
			buildActionMask = 2147483647;
			files = (
				085A16C11C1B27930035488A /* WaitressTests.m in Sources */,
			);
			runOnlyForDeploymentPostprocessing = 0;
		};
		085A16C31C1B27930035488A /* Sources */ = {
			isa = PBXSourcesBuildPhase;
			buildActionMask = 2147483647;
			files = (
				085A16CC1C1B27930035488A /* WaitressUITests.m in Sources */,
			);
			runOnlyForDeploymentPostprocessing = 0;
		};
/* End PBXSourcesBuildPhase section */

/* Begin PBXTargetDependency section */
		085A16BE1C1B27930035488A /* PBXTargetDependency */ = {
			isa = PBXTargetDependency;
			target = 085A16A21C1B27930035488A /* Waitress */;
			targetProxy = 085A16BD1C1B27930035488A /* PBXContainerItemProxy */;
		};
		085A16C91C1B27930035488A /* PBXTargetDependency */ = {
			isa = PBXTargetDependency;
			target = 085A16A21C1B27930035488A /* Waitress */;
			targetProxy = 085A16C81C1B27930035488A /* PBXContainerItemProxy */;
		};
/* End PBXTargetDependency section */

/* Begin PBXVariantGroup section */
		085A16B41C1B27930035488A /* LaunchScreen.storyboard */ = {
			isa = PBXVariantGroup;
			children = (
				085A16B51C1B27930035488A /* Base */,
			);
			name = LaunchScreen.storyboard;
			sourceTree = "<group>";
		};
/* End PBXVariantGroup section */

/* Begin XCBuildConfiguration section */
		085A16CE1C1B27930035488A /* Debug */ = {
			isa = XCBuildConfiguration;
			buildSettings = {
				ALWAYS_SEARCH_USER_PATHS = NO;
				CLANG_CXX_LANGUAGE_STANDARD = "gnu++0x";
				CLANG_CXX_LIBRARY = "libc++";
				CLANG_ENABLE_MODULES = YES;
				CLANG_ENABLE_OBJC_ARC = YES;
				CLANG_WARN_BOOL_CONVERSION = YES;
				CLANG_WARN_CONSTANT_CONVERSION = YES;
				CLANG_WARN_DIRECT_OBJC_ISA_USAGE = YES_ERROR;
				CLANG_WARN_EMPTY_BODY = YES;
				CLANG_WARN_ENUM_CONVERSION = YES;
				CLANG_WARN_INT_CONVERSION = YES;
				CLANG_WARN_OBJC_ROOT_CLASS = YES_ERROR;
				CLANG_WARN_UNREACHABLE_CODE = YES;
				CLANG_WARN__DUPLICATE_METHOD_MATCH = YES;
				"CODE_SIGN_IDENTITY[sdk=iphoneos*]" = "iPhone Developer";
				COPY_PHASE_STRIP = NO;
				DEBUG_INFORMATION_FORMAT = dwarf;
				ENABLE_STRICT_OBJC_MSGSEND = YES;
				ENABLE_TESTABILITY = YES;
				GCC_C_LANGUAGE_STANDARD = gnu99;
				GCC_DYNAMIC_NO_PIC = NO;
				GCC_NO_COMMON_BLOCKS = YES;
				GCC_OPTIMIZATION_LEVEL = 0;
				GCC_PREPROCESSOR_DEFINITIONS = (
					"DEBUG=1",
					"$(inherited)",
				);
				GCC_WARN_64_TO_32_BIT_CONVERSION = YES;
				GCC_WARN_ABOUT_RETURN_TYPE = YES_ERROR;
				GCC_WARN_UNDECLARED_SELECTOR = YES;
				GCC_WARN_UNINITIALIZED_AUTOS = YES_AGGRESSIVE;
				GCC_WARN_UNUSED_FUNCTION = YES;
				GCC_WARN_UNUSED_VARIABLE = YES;
				IPHONEOS_DEPLOYMENT_TARGET = 9.1;
				MTL_ENABLE_DEBUG_INFO = YES;
				ONLY_ACTIVE_ARCH = YES;
				SDKROOT = iphoneos;
				TARGETED_DEVICE_FAMILY = "1,2";
			};
			name = Debug;
		};
		085A16CF1C1B27930035488A /* Release */ = {
			isa = XCBuildConfiguration;
			buildSettings = {
				ALWAYS_SEARCH_USER_PATHS = NO;
				CLANG_CXX_LANGUAGE_STANDARD = "gnu++0x";
				CLANG_CXX_LIBRARY = "libc++";
				CLANG_ENABLE_MODULES = YES;
				CLANG_ENABLE_OBJC_ARC = YES;
				CLANG_WARN_BOOL_CONVERSION = YES;
				CLANG_WARN_CONSTANT_CONVERSION = YES;
				CLANG_WARN_DIRECT_OBJC_ISA_USAGE = YES_ERROR;
				CLANG_WARN_EMPTY_BODY = YES;
				CLANG_WARN_ENUM_CONVERSION = YES;
				CLANG_WARN_INT_CONVERSION = YES;
				CLANG_WARN_OBJC_ROOT_CLASS = YES_ERROR;
				CLANG_WARN_UNREACHABLE_CODE = YES;
				CLANG_WARN__DUPLICATE_METHOD_MATCH = YES;
				"CODE_SIGN_IDENTITY[sdk=iphoneos*]" = "iPhone Developer";
				COPY_PHASE_STRIP = NO;
				DEBUG_INFORMATION_FORMAT = "dwarf-with-dsym";
				ENABLE_NS_ASSERTIONS = NO;
				ENABLE_STRICT_OBJC_MSGSEND = YES;
				GCC_C_LANGUAGE_STANDARD = gnu99;
				GCC_NO_COMMON_BLOCKS = YES;
				GCC_WARN_64_TO_32_BIT_CONVERSION = YES;
				GCC_WARN_ABOUT_RETURN_TYPE = YES_ERROR;
				GCC_WARN_UNDECLARED_SELECTOR = YES;
				GCC_WARN_UNINITIALIZED_AUTOS = YES_AGGRESSIVE;
				GCC_WARN_UNUSED_FUNCTION = YES;
				GCC_WARN_UNUSED_VARIABLE = YES;
				IPHONEOS_DEPLOYMENT_TARGET = 9.1;
				MTL_ENABLE_DEBUG_INFO = NO;
				SDKROOT = iphoneos;
				TARGETED_DEVICE_FAMILY = "1,2";
				VALIDATE_PRODUCT = YES;
			};
			name = Release;
		};
		085A16D11C1B27930035488A /* Debug */ = {
			isa = XCBuildConfiguration;
			buildSettings = {
				ASSETCATALOG_COMPILER_APPICON_NAME = AppIcon;
				FRAMEWORK_SEARCH_PATHS = (
					"$(inherited)",
					"$(PROJECT_DIR)/Waitress/Frameworks/parse",
				);
				INFOPLIST_FILE = Waitress/Info.plist;
				LD_RUNPATH_SEARCH_PATHS = "$(inherited) @executable_path/Frameworks";
				PRODUCT_BUNDLE_IDENTIFIER = waitress.Waitress;
				PRODUCT_NAME = "$(TARGET_NAME)";
			};
			name = Debug;
		};
		085A16D21C1B27930035488A /* Release */ = {
			isa = XCBuildConfiguration;
			buildSettings = {
				ASSETCATALOG_COMPILER_APPICON_NAME = AppIcon;
				FRAMEWORK_SEARCH_PATHS = (
					"$(inherited)",
					"$(PROJECT_DIR)/Waitress/Frameworks/parse",
				);
				INFOPLIST_FILE = Waitress/Info.plist;
				LD_RUNPATH_SEARCH_PATHS = "$(inherited) @executable_path/Frameworks";
				PRODUCT_BUNDLE_IDENTIFIER = waitress.Waitress;
				PRODUCT_NAME = "$(TARGET_NAME)";
			};
			name = Release;
		};
		085A16D41C1B27930035488A /* Debug */ = {
			isa = XCBuildConfiguration;
			buildSettings = {
				BUNDLE_LOADER = "$(TEST_HOST)";
				INFOPLIST_FILE = WaitressTests/Info.plist;
				LD_RUNPATH_SEARCH_PATHS = "$(inherited) @executable_path/Frameworks @loader_path/Frameworks";
				PRODUCT_BUNDLE_IDENTIFIER = waitress.WaitressTests;
				PRODUCT_NAME = "$(TARGET_NAME)";
				TEST_HOST = "$(BUILT_PRODUCTS_DIR)/Waitress.app/Waitress";
			};
			name = Debug;
		};
		085A16D51C1B27930035488A /* Release */ = {
			isa = XCBuildConfiguration;
			buildSettings = {
				BUNDLE_LOADER = "$(TEST_HOST)";
				INFOPLIST_FILE = WaitressTests/Info.plist;
				LD_RUNPATH_SEARCH_PATHS = "$(inherited) @executable_path/Frameworks @loader_path/Frameworks";
				PRODUCT_BUNDLE_IDENTIFIER = waitress.WaitressTests;
				PRODUCT_NAME = "$(TARGET_NAME)";
				TEST_HOST = "$(BUILT_PRODUCTS_DIR)/Waitress.app/Waitress";
			};
			name = Release;
		};
		085A16D71C1B27930035488A /* Debug */ = {
			isa = XCBuildConfiguration;
			buildSettings = {
				INFOPLIST_FILE = WaitressUITests/Info.plist;
				LD_RUNPATH_SEARCH_PATHS = "$(inherited) @executable_path/Frameworks @loader_path/Frameworks";
				PRODUCT_BUNDLE_IDENTIFIER = waitress.WaitressUITests;
				PRODUCT_NAME = "$(TARGET_NAME)";
				TEST_TARGET_NAME = Waitress;
				USES_XCTRUNNER = YES;
			};
			name = Debug;
		};
		085A16D81C1B27930035488A /* Release */ = {
			isa = XCBuildConfiguration;
			buildSettings = {
				INFOPLIST_FILE = WaitressUITests/Info.plist;
				LD_RUNPATH_SEARCH_PATHS = "$(inherited) @executable_path/Frameworks @loader_path/Frameworks";
				PRODUCT_BUNDLE_IDENTIFIER = waitress.WaitressUITests;
				PRODUCT_NAME = "$(TARGET_NAME)";
				TEST_TARGET_NAME = Waitress;
				USES_XCTRUNNER = YES;
			};
			name = Release;
		};
/* End XCBuildConfiguration section */

/* Begin XCConfigurationList section */
		085A169E1C1B27930035488A /* Build configuration list for PBXProject "Waitress" */ = {
			isa = XCConfigurationList;
			buildConfigurations = (
				085A16CE1C1B27930035488A /* Debug */,
				085A16CF1C1B27930035488A /* Release */,
			);
			defaultConfigurationIsVisible = 0;
			defaultConfigurationName = Release;
		};
		085A16D01C1B27930035488A /* Build configuration list for PBXNativeTarget "Waitress" */ = {
			isa = XCConfigurationList;
			buildConfigurations = (
				085A16D11C1B27930035488A /* Debug */,
				085A16D21C1B27930035488A /* Release */,
			);
			defaultConfigurationIsVisible = 0;
			defaultConfigurationName = Release;
		};
		085A16D31C1B27930035488A /* Build configuration list for PBXNativeTarget "WaitressTests" */ = {
			isa = XCConfigurationList;
			buildConfigurations = (
				085A16D41C1B27930035488A /* Debug */,
				085A16D51C1B27930035488A /* Release */,
			);
			defaultConfigurationIsVisible = 0;
			defaultConfigurationName = Release;
		};
		085A16D61C1B27930035488A /* Build configuration list for PBXNativeTarget "WaitressUITests" */ = {
			isa = XCConfigurationList;
			buildConfigurations = (
				085A16D71C1B27930035488A /* Debug */,
				085A16D81C1B27930035488A /* Release */,
			);
			defaultConfigurationIsVisible = 0;
			defaultConfigurationName = Release;
		};
/* End XCConfigurationList section */
	};
	rootObject = 085A169B1C1B27930035488A /* Project object */;
}
